
Microsoft Visual Studio Solution File, Format Version 12.00
# Visual Studio 15
VisualStudioVersion = 15.0.28010.2026
MinimumVisualStudioVersion = 10.0.40219.1
Project("{FAE04EC0-301F-11D3-BF4B-00C04F79EFBC}") = "04_goods", "04_goods\04_goods.csproj", "{A68914E2-39BA-48FA-9D36-38225005B21B}"
EndProject
Global
	GlobalSection(SolutionConfigurationPlatforms) = preSolution
		Debug|Any CPU = Debug|Any CPU
		Release|Any CPU = Release|Any CPU
	EndGlobalSection
	GlobalSection(ProjectConfigurationPlatforms) = postSolution
		{A68914E2-39BA-48FA-9D36-38225005B21B}.Debug|Any CPU.ActiveCfg = Debug|Any CPU
		{A68914E2-39BA-48FA-9D36-38225005B21B}.Debug|Any CPU.Build.0 = Debug|Any CPU
		{A68914E2-39BA-48FA-9D36-38225005B21B}.Release|Any CPU.ActiveCfg = Release|Any CPU
		{A68914E2-39BA-48FA-9D36-38225005B21B}.Release|Any CPU.Build.0 = Release|Any CPU
	EndGlobalSection
	GlobalSection(SolutionProperties) = preSolution
		HideSolutionNode = FALSE
	EndGlobalSection
	GlobalSection(ExtensibilityGlobals) = postSolution
		SolutionGuid = {B108F794-CD4A-43C3-BC2B-BDFB47C5B9CA}
	EndGlobalSection
EndGlobal
